
Microsoft Visual Studio Solution File, Format Version 12.00
# Visual Studio 14
VisualStudioVersion = 14.0.25420.1
MinimumVisualStudioVersion = 10.0.40219.1
Project("{FAE04EC0-301F-11D3-BF4B-00C04F79EFBC}") = "Terminal", "Terminal\Terminal.csproj", "{F718F248-B29C-48B3-A604-96A3A4CA6467}"
	ProjectSection(ProjectDependencies) = postProject
		{84FC33A9-AB59-4264-93E0-1322EE78B0C5} = {84FC33A9-AB59-4264-93E0-1322EE78B0C5}
	EndProjectSection
EndProject
Project("{FAE04EC0-301F-11D3-BF4B-00C04F79EFBC}") = "BankSystem", "Bank\BankSystem.csproj", "{84FC33A9-AB59-4264-93E0-1322EE78B0C5}"
EndProject
Global
	GlobalSection(SolutionConfigurationPlatforms) = preSolution
		Debug|Any CPU = Debug|Any CPU
		Release|Any CPU = Release|Any CPU
	EndGlobalSection
	GlobalSection(ProjectConfigurationPlatforms) = postSolution
		{F718F248-B29C-48B3-A604-96A3A4CA6467}.Debug|Any CPU.ActiveCfg = Debug|Any CPU
		{F718F248-B29C-48B3-A604-96A3A4CA6467}.Debug|Any CPU.Build.0 = Debug|Any CPU
		{F718F248-B29C-48B3-A604-96A3A4CA6467}.Release|Any CPU.ActiveCfg = Release|Any CPU
		{F718F248-B29C-48B3-A604-96A3A4CA6467}.Release|Any CPU.Build.0 = Release|Any CPU
		{84FC33A9-AB59-4264-93E0-1322EE78B0C5}.Debug|Any CPU.ActiveCfg = Debug|Any CPU
		{84FC33A9-AB59-4264-93E0-1322EE78B0C5}.Debug|Any CPU.Build.0 = Debug|Any CPU
		{84FC33A9-AB59-4264-93E0-1322EE78B0C5}.Release|Any CPU.ActiveCfg = Release|Any CPU
		{84FC33A9-AB59-4264-93E0-1322EE78B0C5}.Release|Any CPU.Build.0 = Release|Any CPU
	EndGlobalSection
	GlobalSection(SolutionProperties) = preSolution
		HideSolutionNode = FALSE
	EndGlobalSection
EndGlobal
