
Microsoft Visual Studio Solution File, Format Version 12.00
# Visual Studio 14
VisualStudioVersion = 14.0.25123.0
MinimumVisualStudioVersion = 10.0.40219.1
Project("{FAE04EC0-301F-11D3-BF4B-00C04F79EFBC}") = "Lesson4", "Lesson4\Lesson4.csproj", "{3889DDB5-D76A-40AA-B2FB-9DA06AB0060B}"
EndProject
Project("{FAE04EC0-301F-11D3-BF4B-00C04F79EFBC}") = "Matrix", "Matrix\Matrix.csproj", "{6B2391D3-16B1-46CC-B31D-D8CD97DCD045}"
EndProject
Global
	GlobalSection(SolutionConfigurationPlatforms) = preSolution
		Debug|Any CPU = Debug|Any CPU
		Release|Any CPU = Release|Any CPU
	EndGlobalSection
	GlobalSection(ProjectConfigurationPlatforms) = postSolution
		{3889DDB5-D76A-40AA-B2FB-9DA06AB0060B}.Debug|Any CPU.ActiveCfg = Debug|Any CPU
		{3889DDB5-D76A-40AA-B2FB-9DA06AB0060B}.Debug|Any CPU.Build.0 = Debug|Any CPU
		{3889DDB5-D76A-40AA-B2FB-9DA06AB0060B}.Release|Any CPU.ActiveCfg = Release|Any CPU
		{3889DDB5-D76A-40AA-B2FB-9DA06AB0060B}.Release|Any CPU.Build.0 = Release|Any CPU
		{6B2391D3-16B1-46CC-B31D-D8CD97DCD045}.Debug|Any CPU.ActiveCfg = Debug|Any CPU
		{6B2391D3-16B1-46CC-B31D-D8CD97DCD045}.Debug|Any CPU.Build.0 = Debug|Any CPU
		{6B2391D3-16B1-46CC-B31D-D8CD97DCD045}.Release|Any CPU.ActiveCfg = Release|Any CPU
		{6B2391D3-16B1-46CC-B31D-D8CD97DCD045}.Release|Any CPU.Build.0 = Release|Any CPU
	EndGlobalSection
	GlobalSection(SolutionProperties) = preSolution
		HideSolutionNode = FALSE
	EndGlobalSection
EndGlobal
