
Microsoft Visual Studio Solution File, Format Version 12.00
# Visual Studio 14
VisualStudioVersion = 14.0.25420.1
MinimumVisualStudioVersion = 10.0.40219.1
Project("{2150E333-8FDC-42A3-9474-1A3956D46DE8}") = "SolutionDetails", "SolutionDetails", "{4A9B4860-5DED-4AE8-9799-D99AD9A6FFE5}"
	ProjectSection(SolutionItems) = preProject
		Task.txt = Task.txt
	EndProjectSection
EndProject
Project("{FAE04EC0-301F-11D3-BF4B-00C04F79EFBC}") = "LoggerApp", "Logger\LoggerApp.csproj", "{4CC88492-325C-4B3D-83D5-7A81CF04DA40}"
	ProjectSection(ProjectDependencies) = postProject
		{512E0B0F-A6CC-405A-BAF5-F1454D00382C} = {512E0B0F-A6CC-405A-BAF5-F1454D00382C}
	EndProjectSection
EndProject
Project("{FAE04EC0-301F-11D3-BF4B-00C04F79EFBC}") = "LoggerDLL", "LoggerDLL\LoggerDLL.csproj", "{512E0B0F-A6CC-405A-BAF5-F1454D00382C}"
EndProject
Project("{FAE04EC0-301F-11D3-BF4B-00C04F79EFBC}") = "Files Demo", "Files Demo\Files Demo.csproj", "{B94066D1-BD03-4AE4-AD66-D36541E768EA}"
EndProject
Global
	GlobalSection(SolutionConfigurationPlatforms) = preSolution
		Debug|Any CPU = Debug|Any CPU
		Debug|x64 = Debug|x64
		Debug|x86 = Debug|x86
		Release|Any CPU = Release|Any CPU
		Release|x64 = Release|x64
		Release|x86 = Release|x86
	EndGlobalSection
	GlobalSection(ProjectConfigurationPlatforms) = postSolution
		{4CC88492-325C-4B3D-83D5-7A81CF04DA40}.Debug|Any CPU.ActiveCfg = Debug|Any CPU
		{4CC88492-325C-4B3D-83D5-7A81CF04DA40}.Debug|Any CPU.Build.0 = Debug|Any CPU
		{4CC88492-325C-4B3D-83D5-7A81CF04DA40}.Debug|x64.ActiveCfg = Debug|Any CPU
		{4CC88492-325C-4B3D-83D5-7A81CF04DA40}.Debug|x64.Build.0 = Debug|Any CPU
		{4CC88492-325C-4B3D-83D5-7A81CF04DA40}.Debug|x86.ActiveCfg = Debug|Any CPU
		{4CC88492-325C-4B3D-83D5-7A81CF04DA40}.Debug|x86.Build.0 = Debug|Any CPU
		{4CC88492-325C-4B3D-83D5-7A81CF04DA40}.Release|Any CPU.ActiveCfg = Release|Any CPU
		{4CC88492-325C-4B3D-83D5-7A81CF04DA40}.Release|Any CPU.Build.0 = Release|Any CPU
		{4CC88492-325C-4B3D-83D5-7A81CF04DA40}.Release|x64.ActiveCfg = Release|Any CPU
		{4CC88492-325C-4B3D-83D5-7A81CF04DA40}.Release|x64.Build.0 = Release|Any CPU
		{4CC88492-325C-4B3D-83D5-7A81CF04DA40}.Release|x86.ActiveCfg = Release|Any CPU
		{4CC88492-325C-4B3D-83D5-7A81CF04DA40}.Release|x86.Build.0 = Release|Any CPU
		{512E0B0F-A6CC-405A-BAF5-F1454D00382C}.Debug|Any CPU.ActiveCfg = Debug|Any CPU
		{512E0B0F-A6CC-405A-BAF5-F1454D00382C}.Debug|Any CPU.Build.0 = Debug|Any CPU
		{512E0B0F-A6CC-405A-BAF5-F1454D00382C}.Debug|x64.ActiveCfg = Debug|Any CPU
		{512E0B0F-A6CC-405A-BAF5-F1454D00382C}.Debug|x64.Build.0 = Debug|Any CPU
		{512E0B0F-A6CC-405A-BAF5-F1454D00382C}.Debug|x86.ActiveCfg = Debug|Any CPU
		{512E0B0F-A6CC-405A-BAF5-F1454D00382C}.Debug|x86.Build.0 = Debug|Any CPU
		{512E0B0F-A6CC-405A-BAF5-F1454D00382C}.Release|Any CPU.ActiveCfg = Release|Any CPU
		{512E0B0F-A6CC-405A-BAF5-F1454D00382C}.Release|Any CPU.Build.0 = Release|Any CPU
		{512E0B0F-A6CC-405A-BAF5-F1454D00382C}.Release|x64.ActiveCfg = Release|Any CPU
		{512E0B0F-A6CC-405A-BAF5-F1454D00382C}.Release|x64.Build.0 = Release|Any CPU
		{512E0B0F-A6CC-405A-BAF5-F1454D00382C}.Release|x86.ActiveCfg = Release|Any CPU
		{512E0B0F-A6CC-405A-BAF5-F1454D00382C}.Release|x86.Build.0 = Release|Any CPU
		{B94066D1-BD03-4AE4-AD66-D36541E768EA}.Debug|Any CPU.ActiveCfg = Debug|Any CPU
		{B94066D1-BD03-4AE4-AD66-D36541E768EA}.Debug|Any CPU.Build.0 = Debug|Any CPU
		{B94066D1-BD03-4AE4-AD66-D36541E768EA}.Debug|x64.ActiveCfg = Debug|Any CPU
		{B94066D1-BD03-4AE4-AD66-D36541E768EA}.Debug|x64.Build.0 = Debug|Any CPU
		{B94066D1-BD03-4AE4-AD66-D36541E768EA}.Debug|x86.ActiveCfg = Debug|Any CPU
		{B94066D1-BD03-4AE4-AD66-D36541E768EA}.Debug|x86.Build.0 = Debug|Any CPU
		{B94066D1-BD03-4AE4-AD66-D36541E768EA}.Release|Any CPU.ActiveCfg = Release|Any CPU
		{B94066D1-BD03-4AE4-AD66-D36541E768EA}.Release|Any CPU.Build.0 = Release|Any CPU
		{B94066D1-BD03-4AE4-AD66-D36541E768EA}.Release|x64.ActiveCfg = Release|Any CPU
		{B94066D1-BD03-4AE4-AD66-D36541E768EA}.Release|x64.Build.0 = Release|Any CPU
		{B94066D1-BD03-4AE4-AD66-D36541E768EA}.Release|x86.ActiveCfg = Release|Any CPU
		{B94066D1-BD03-4AE4-AD66-D36541E768EA}.Release|x86.Build.0 = Release|Any CPU
	EndGlobalSection
	GlobalSection(SolutionProperties) = preSolution
		HideSolutionNode = FALSE
	EndGlobalSection
EndGlobal
