
Microsoft Visual Studio Solution File, Format Version 12.00
# Visual Studio 14
VisualStudioVersion = 14.0.25123.0
MinimumVisualStudioVersion = 10.0.40219.1
Project("{FAE04EC0-301F-11D3-BF4B-00C04F79EFBC}") = "Lesson3 - classwork", "Lesson3\Lesson3 - classwork.csproj", "{0AB184DC-7714-44B7-9CD7-93F3C4B55DA5}"
EndProject
Project("{FAE04EC0-301F-11D3-BF4B-00C04F79EFBC}") = "Task1b", "Test3\Task1b.csproj", "{3F32F177-3788-4C29-AF4C-871F2E848942}"
EndProject
Project("{FAE04EC0-301F-11D3-BF4B-00C04F79EFBC}") = "Task1a", "Test1a\Task1a.csproj", "{D4477A1C-C921-4A2A-9B01-ED86DA3B72F8}"
EndProject
Project("{FAE04EC0-301F-11D3-BF4B-00C04F79EFBC}") = "Task2a", "Task2\Task2a.csproj", "{6D198606-3084-42F1-A15D-2D31C344898F}"
EndProject
Project("{FAE04EC0-301F-11D3-BF4B-00C04F79EFBC}") = "Task3", "Task3\Task3.csproj", "{676DFE25-9275-4FDC-9579-DC25B752FB87}"
EndProject
Project("{FAE04EC0-301F-11D3-BF4B-00C04F79EFBC}") = "Task4", "Task4\Task4.csproj", "{E9888B13-025F-44F3-9F6C-22A4ACC217E1}"
EndProject
Project("{FAE04EC0-301F-11D3-BF4B-00C04F79EFBC}") = "Task5", "Task5\Task5.csproj", "{46EA4C91-76AE-4372-9277-425438EB14A3}"
EndProject
Project("{FAE04EC0-301F-11D3-BF4B-00C04F79EFBC}") = "Task6", "Task6\Task6.csproj", "{73839B7F-398D-4595-B628-986DE0E27A78}"
EndProject
Project("{FAE04EC0-301F-11D3-BF4B-00C04F79EFBC}") = "Task7", "Task7\Task7.csproj", "{5920258C-DB56-47E2-B144-636BA8834881}"
EndProject
Project("{FAE04EC0-301F-11D3-BF4B-00C04F79EFBC}") = "Task8", "Task8\Task8.csproj", "{2A6FAFE3-7392-462F-A477-21C973AF9094}"
EndProject
Project("{FAE04EC0-301F-11D3-BF4B-00C04F79EFBC}") = "Task2b", "Task2b\Task2b.csproj", "{31953962-ED29-48FB-9685-970470B9ED2E}"
EndProject
Global
	GlobalSection(SolutionConfigurationPlatforms) = preSolution
		Debug|Any CPU = Debug|Any CPU
		Release|Any CPU = Release|Any CPU
	EndGlobalSection
	GlobalSection(ProjectConfigurationPlatforms) = postSolution
		{0AB184DC-7714-44B7-9CD7-93F3C4B55DA5}.Debug|Any CPU.ActiveCfg = Debug|Any CPU
		{0AB184DC-7714-44B7-9CD7-93F3C4B55DA5}.Debug|Any CPU.Build.0 = Debug|Any CPU
		{0AB184DC-7714-44B7-9CD7-93F3C4B55DA5}.Release|Any CPU.ActiveCfg = Release|Any CPU
		{0AB184DC-7714-44B7-9CD7-93F3C4B55DA5}.Release|Any CPU.Build.0 = Release|Any CPU
		{3F32F177-3788-4C29-AF4C-871F2E848942}.Debug|Any CPU.ActiveCfg = Debug|Any CPU
		{3F32F177-3788-4C29-AF4C-871F2E848942}.Debug|Any CPU.Build.0 = Debug|Any CPU
		{3F32F177-3788-4C29-AF4C-871F2E848942}.Release|Any CPU.ActiveCfg = Release|Any CPU
		{3F32F177-3788-4C29-AF4C-871F2E848942}.Release|Any CPU.Build.0 = Release|Any CPU
		{D4477A1C-C921-4A2A-9B01-ED86DA3B72F8}.Debug|Any CPU.ActiveCfg = Debug|Any CPU
		{D4477A1C-C921-4A2A-9B01-ED86DA3B72F8}.Debug|Any CPU.Build.0 = Debug|Any CPU
		{D4477A1C-C921-4A2A-9B01-ED86DA3B72F8}.Release|Any CPU.ActiveCfg = Release|Any CPU
		{D4477A1C-C921-4A2A-9B01-ED86DA3B72F8}.Release|Any CPU.Build.0 = Release|Any CPU
		{6D198606-3084-42F1-A15D-2D31C344898F}.Debug|Any CPU.ActiveCfg = Debug|Any CPU
		{6D198606-3084-42F1-A15D-2D31C344898F}.Debug|Any CPU.Build.0 = Debug|Any CPU
		{6D198606-3084-42F1-A15D-2D31C344898F}.Release|Any CPU.ActiveCfg = Release|Any CPU
		{6D198606-3084-42F1-A15D-2D31C344898F}.Release|Any CPU.Build.0 = Release|Any CPU
		{676DFE25-9275-4FDC-9579-DC25B752FB87}.Debug|Any CPU.ActiveCfg = Debug|Any CPU
		{676DFE25-9275-4FDC-9579-DC25B752FB87}.Debug|Any CPU.Build.0 = Debug|Any CPU
		{676DFE25-9275-4FDC-9579-DC25B752FB87}.Release|Any CPU.ActiveCfg = Release|Any CPU
		{676DFE25-9275-4FDC-9579-DC25B752FB87}.Release|Any CPU.Build.0 = Release|Any CPU
		{E9888B13-025F-44F3-9F6C-22A4ACC217E1}.Debug|Any CPU.ActiveCfg = Debug|Any CPU
		{E9888B13-025F-44F3-9F6C-22A4ACC217E1}.Debug|Any CPU.Build.0 = Debug|Any CPU
		{E9888B13-025F-44F3-9F6C-22A4ACC217E1}.Release|Any CPU.ActiveCfg = Release|Any CPU
		{E9888B13-025F-44F3-9F6C-22A4ACC217E1}.Release|Any CPU.Build.0 = Release|Any CPU
		{46EA4C91-76AE-4372-9277-425438EB14A3}.Debug|Any CPU.ActiveCfg = Debug|Any CPU
		{46EA4C91-76AE-4372-9277-425438EB14A3}.Debug|Any CPU.Build.0 = Debug|Any CPU
		{46EA4C91-76AE-4372-9277-425438EB14A3}.Release|Any CPU.ActiveCfg = Release|Any CPU
		{46EA4C91-76AE-4372-9277-425438EB14A3}.Release|Any CPU.Build.0 = Release|Any CPU
		{73839B7F-398D-4595-B628-986DE0E27A78}.Debug|Any CPU.ActiveCfg = Debug|Any CPU
		{73839B7F-398D-4595-B628-986DE0E27A78}.Debug|Any CPU.Build.0 = Debug|Any CPU
		{73839B7F-398D-4595-B628-986DE0E27A78}.Release|Any CPU.ActiveCfg = Release|Any CPU
		{73839B7F-398D-4595-B628-986DE0E27A78}.Release|Any CPU.Build.0 = Release|Any CPU
		{5920258C-DB56-47E2-B144-636BA8834881}.Debug|Any CPU.ActiveCfg = Debug|Any CPU
		{5920258C-DB56-47E2-B144-636BA8834881}.Debug|Any CPU.Build.0 = Debug|Any CPU
		{5920258C-DB56-47E2-B144-636BA8834881}.Release|Any CPU.ActiveCfg = Release|Any CPU
		{5920258C-DB56-47E2-B144-636BA8834881}.Release|Any CPU.Build.0 = Release|Any CPU
		{2A6FAFE3-7392-462F-A477-21C973AF9094}.Debug|Any CPU.ActiveCfg = Debug|Any CPU
		{2A6FAFE3-7392-462F-A477-21C973AF9094}.Debug|Any CPU.Build.0 = Debug|Any CPU
		{2A6FAFE3-7392-462F-A477-21C973AF9094}.Release|Any CPU.ActiveCfg = Release|Any CPU
		{2A6FAFE3-7392-462F-A477-21C973AF9094}.Release|Any CPU.Build.0 = Release|Any CPU
		{31953962-ED29-48FB-9685-970470B9ED2E}.Debug|Any CPU.ActiveCfg = Debug|Any CPU
		{31953962-ED29-48FB-9685-970470B9ED2E}.Debug|Any CPU.Build.0 = Debug|Any CPU
		{31953962-ED29-48FB-9685-970470B9ED2E}.Release|Any CPU.ActiveCfg = Release|Any CPU
		{31953962-ED29-48FB-9685-970470B9ED2E}.Release|Any CPU.Build.0 = Release|Any CPU
	EndGlobalSection
	GlobalSection(SolutionProperties) = preSolution
		HideSolutionNode = FALSE
	EndGlobalSection
EndGlobal
